// !$*UTF8*$!
{
	archiveVersion = 1;
	classes = {
	};
	objectVersion = 46;
	objects = {

/* Begin PBXBuildFile section */
		FAB5E3551CB2F0DE00F4A03F /* main.cpp in Sources */ = {isa = PBXBuildFile; fileRef = FAB5E3541CB2F0DE00F4A03F /* main.cpp */; };
/* End PBXBuildFile section */

/* Begin PBXCopyFilesBuildPhase section */
		FAB5E34F1CB2F0DD00F4A03F /* CopyFiles */ = {
			isa = PBXCopyFilesBuildPhase;
			buildActionMask = 2147483647;
			dstPath = /usr/share/man/man1/;
			dstSubfolderSpec = 0;
			files = (
			);
			runOnlyForDeploymentPostprocessing = 1;
		};
/* End PBXCopyFilesBuildPhase section */

/* Begin PBXFileReference section */
		FAB5E3511CB2F0DE00F4A03F /* Fill Out Form */ = {isa = PBXFileReference; explicitFileType = "compiled.mach-o.executable"; includeInIndex = 0; path = "Fill Out Form"; sourceTree = BUILT_PRODUCTS_DIR; };
		FAB5E3541CB2F0DE00F4A03F /* main.cpp */ = {isa = PBXFileReference; lastKnownFileType = sourcecode.cpp.cpp; path = main.cpp; sourceTree = "<group>"; };
/* End PBXFileReference section */

/* Begin PBXFrameworksBuildPhase section */
		FAB5E34E1CB2F0DD00F4A03F /* Frameworks */ = {
			isa = PBXFrameworksBuildPhase;
			buildActionMask = 2147483647;
			files = (
			);
			runOnlyForDeploymentPostprocessing = 0;
		};
/* End PBXFrameworksBuildPhase section */

/* Begin PBXGroup section */
		FAB5E3481CB2F0DD00F4A03F = {
			isa = PBXGroup;
			children = (
				FAB5E3531CB2F0DE00F4A03F /* Fill Out Form */,
				FAB5E3521CB2F0DE00F4A03F /* Products */,
			);
			sourceTree = "<group>";
		};
		FAB5E3521CB2F0DE00F4A03F /* Products */ = {
			isa = PBXGroup;
			children = (
				FAB5E3511CB2F0DE00F4A03F /* Fill Out Form */,
			);
			name = Products;
			sourceTree = "<group>";
		};
		FAB5E3531CB2F0DE00F4A03F /* Fill Out Form */ = {
			isa = PBXGroup;
			children = (
				FAB5E3541CB2F0DE00F4A03F /* main.cpp */,
			);
			path = "Fill Out Form";
			sourceTree = "<group>";
		};
/* End PBXGroup section */

/* Begin PBXNativeTarget section */
		FAB5E3501CB2F0DD00F4A03F /* Fill Out Form */ = {
			isa = PBXNativeTarget;
			buildConfigurationList = FAB5E3581CB2F0DE00F4A03F /* Build configuration list for PBXNativeTarget "Fill Out Form" */;
			buildPhases = (
				FAB5E34D1CB2F0DD00F4A03F /* Sources */,
				FAB5E34E1CB2F0DD00F4A03F /* Frameworks */,
				FAB5E34F1CB2F0DD00F4A03F /* CopyFiles */,
			);
			buildRules = (
			);
			dependencies = (
			);
			name = "Fill Out Form";
			productName = "Fill Out Form";
			productReference = FAB5E3511CB2F0DE00F4A03F /* Fill Out Form */;
			productType = "com.apple.product-type.tool";
		};
/* End PBXNativeTarget section */

/* Begin PBXProject section */
		FAB5E3491CB2F0DD00F4A03F /* Project object */ = {
			isa = PBXProject;
			attributes = {
				LastUpgradeCheck = 0620;
				ORGANIZATIONNAME = Matt;
				TargetAttributes = {
					FAB5E3501CB2F0DD00F4A03F = {
						CreatedOnToolsVersion = 6.2;
					};
				};
			};
			buildConfigurationList = FAB5E34C1CB2F0DD00F4A03F /* Build configuration list for PBXProject "Fill Out Form" */;
			compatibilityVersion = "Xcode 3.2";
			developmentRegion = English;
			hasScannedForEncodings = 0;
			knownRegions = (
				en,
			);
			mainGroup = FAB5E3481CB2F0DD00F4A03F;
			productRefGroup = FAB5E3521CB2F0DE00F4A03F /* Products */;
			projectDirPath = "";
			projectRoot = "";
			targets = (
				FAB5E3501CB2F0DD00F4A03F /* Fill Out Form */,
			);
		};
/* End PBXProject section */

/* Begin PBXSourcesBuildPhase section */
		FAB5E34D1CB2F0DD00F4A03F /* Sources */ = {
			isa = PBXSourcesBuildPhase;
			buildActionMask = 2147483647;
			files = (
				FAB5E3551CB2F0DE00F4A03F /* main.cpp in Sources */,
			);
			runOnlyForDeploymentPostprocessing = 0;
		};
/* End PBXSourcesBuildPhase section */

/* Begin XCBuildConfiguration section */
		FAB5E3561CB2F0DE00F4A03F /* Debug */ = {
			isa = XCBuildConfiguration;
			buildSettings = {
				ALWAYS_SEARCH_USER_PATHS = NO;
				CLANG_CXX_LANGUAGE_STANDARD = "gnu++0x";
				CLANG_CXX_LIBRARY = "libc++";
				CLANG_ENABLE_MODULES = YES;
				CLANG_ENABLE_OBJC_ARC = YES;
				CLANG_WARN_BOOL_CONVERSION = YES;
				CLANG_WARN_CONSTANT_CONVERSION = YES;
				CLANG_WARN_DIRECT_OBJC_ISA_USAGE = YES_ERROR;
				CLANG_WARN_EMPTY_BODY = YES;
				CLANG_WARN_ENUM_CONVERSION = YES;
				CLANG_WARN_INT_CONVERSION = YES;
				CLANG_WARN_OBJC_ROOT_CLASS = YES_ERROR;
				CLANG_WARN_UNREACHABLE_CODE = YES;
				CLANG_WARN__DUPLICATE_METHOD_MATCH = YES;
				COPY_PHASE_STRIP = NO;
				ENABLE_STRICT_OBJC_MSGSEND = YES;
				GCC_C_LANGUAGE_STANDARD = gnu99;
				GCC_DYNAMIC_NO_PIC = NO;
				GCC_OPTIMIZATION_LEVEL = 0;
				GCC_PREPROCESSOR_DEFINITIONS = (
					"DEBUG=1",
					"$(inherited)",
				);
				GCC_SYMBOLS_PRIVATE_EXTERN = NO;
				GCC_WARN_64_TO_32_BIT_CONVERSION = YES;
				GCC_WARN_ABOUT_RETURN_TYPE = YES_ERROR;
				GCC_WARN_UNDECLARED_SELECTOR = YES;
				GCC_WARN_UNINITIALIZED_AUTOS = YES_AGGRESSIVE;
				GCC_WARN_UNUSED_FUNCTION = YES;
				GCC_WARN_UNUSED_VARIABLE = YES;
				MACOSX_DEPLOYMENT_TARGET = 10.9;
				MTL_ENABLE_DEBUG_INFO = YES;
				ONLY_ACTIVE_ARCH = YES;
				SDKROOT = macosx;
			};
			name = Debug;
		};
		FAB5E3571CB2F0DE00F4A03F /* Release */ = {
			isa = XCBuildConfiguration;
			buildSettings = {
				ALWAYS_SEARCH_USER_PATHS = NO;
				CLANG_CXX_LANGUAGE_STANDARD = "gnu++0x";
				CLANG_CXX_LIBRARY = "libc++";
				CLANG_ENABLE_MODULES = YES;
				CLANG_ENABLE_OBJC_ARC = YES;
				CLANG_WARN_BOOL_CONVERSION = YES;
				CLANG_WARN_CONSTANT_CONVERSION = YES;
				CLANG_WARN_DIRECT_OBJC_ISA_USAGE = YES_ERROR;
				CLANG_WARN_EMPTY_BODY = YES;
				CLANG_WARN_ENUM_CONVERSION = YES;
				CLANG_WARN_INT_CONVERSION = YES;
				CLANG_WARN_OBJC_ROOT_CLASS = YES_ERROR;
				CLANG_WARN_UNREACHABLE_CODE = YES;
				CLANG_WARN__DUPLICATE_METHOD_MATCH = YES;
				COPY_PHASE_STRIP = NO;
				DEBUG_INFORMATION_FORMAT = "dwarf-with-dsym";
				ENABLE_NS_ASSERTIONS = NO;
				ENABLE_STRICT_OBJC_MSGSEND = YES;
				GCC_C_LANGUAGE_STANDARD = gnu99;
				GCC_WARN_64_TO_32_BIT_CONVERSION = YES;
				GCC_WARN_ABOUT_RETURN_TYPE = YES_ERROR;
				GCC_WARN_UNDECLARED_SELECTOR = YES;
				GCC_WARN_UNINITIALIZED_AUTOS = YES_AGGRESSIVE;
				GCC_WARN_UNUSED_FUNCTION = YES;
				GCC_WARN_UNUSED_VARIABLE = YES;
				MACOSX_DEPLOYMENT_TARGET = 10.9;
				MTL_ENABLE_DEBUG_INFO = NO;
				SDKROOT = macosx;
			};
			name = Release;
		};
		FAB5E3591CB2F0DE00F4A03F /* Debug */ = {
			isa = XCBuildConfiguration;
			buildSettings = {
				PRODUCT_NAME = "$(TARGET_NAME)";
			};
			name = Debug;
		};
		FAB5E35A1CB2F0DE00F4A03F /* Release */ = {
			isa = XCBuildConfiguration;
			buildSettings = {
				PRODUCT_NAME = "$(TARGET_NAME)";
			};
			name = Release;
		};
/* End XCBuildConfiguration section */

/* Begin XCConfigurationList section */
		FAB5E34C1CB2F0DD00F4A03F /* Build configuration list for PBXProject "Fill Out Form" */ = {
			isa = XCConfigurationList;
			buildConfigurations = (
				FAB5E3561CB2F0DE00F4A03F /* Debug */,
				FAB5E3571CB2F0DE00F4A03F /* Release */,
			);
			defaultConfigurationIsVisible = 0;
			defaultConfigurationName = Release;
		};
		FAB5E3581CB2F0DE00F4A03F /* Build configuration list for PBXNativeTarget "Fill Out Form" */ = {
			isa = XCConfigurationList;
			buildConfigurations = (
				FAB5E3591CB2F0DE00F4A03F /* Debug */,
				FAB5E35A1CB2F0DE00F4A03F /* Release */,
			);
			defaultConfigurationIsVisible = 0;
		};
/* End XCConfigurationList section */
	};
	rootObject = FAB5E3491CB2F0DD00F4A03F /* Project object */;
}
